
Microsoft Visual Studio Solution File, Format Version 12.00
# Visual Studio Version 17
VisualStudioVersion = 17.14.37614.0 d17.14
MinimumVisualStudioVersion = 10.0.40219.1
Project("{FAE04EC0-301F-11D3-BF4B-00C04F79EFBC}") = "UrlUtility", "UrlUtility\UrlUtility.csproj", "{D83D75E6-38B1-40C0-A3CF-0547A35BDDFF}"
EndProject
Global
	GlobalSection(SolutionConfigurationPlatforms) = preSolution
		Debug|Any CPU = Debug|Any CPU
		Release|Any CPU = Release|Any CPU
	EndGlobalSection
	GlobalSection(ProjectConfigurationPlatforms) = postSolution
		{D83D75E6-38B1-40C0-A3CF-0547A35BDDFF}.Debug|Any CPU.ActiveCfg = Debug|Any CPU
		{D83D75E6-38B1-40C0-A3CF-0547A35BDDFF}.Debug|Any CPU.Build.0 = Debug|Any CPU
		{D83D75E6-38B1-40C0-A3CF-0547A35BDDFF}.Release|Any CPU.ActiveCfg = Release|Any CPU
		{D83D75E6-38B1-40C0-A3CF-0547A35BDDFF}.Release|Any CPU.Build.0 = Release|Any CPU
	EndGlobalSection
	GlobalSection(SolutionProperties) = preSolution
		HideSolutionNode = FALSE
	EndGlobalSection
	GlobalSection(ExtensibilityGlobals) = postSolution
		SolutionGuid = {FBF8DACC-FB87-4D7D-A93E-106C73CB874B}
	EndGlobalSection
EndGlobal
